// !$*UTF8*$!
{
	archiveVersion = 1;
	classes = {
	};
	objectVersion = 45;
	objects = {

/* Begin PBXBuildFile section */
		6C13A4FE0F17199C00715A7C /* FPAgent.m in Sources */ = {isa = PBXBuildFile; fileRef = 6C13A4FD0F17199C00715A7C /* FPAgent.m */; };
		6C13A54A0F17212000715A7C /* FPCallTree.m in Sources */ = {isa = PBXBuildFile; fileRef = 6C13A5490F17212000715A7C /* FPCallTree.m */; };
		6C1E94D30F131E0A0096D51B /* io_thread.rb in Resources */ = {isa = PBXBuildFile; fileRef = 6C1E94D20F131E0A0096D51B /* io_thread.rb */; };
		6C27F2060F1467E500B29D55 /* FPAgentController.m in Sources */ = {isa = PBXBuildFile; fileRef = 6C27F2050F1467E500B29D55 /* FPAgentController.m */; };
		6C34FCFA0F05AB9700F3A3A8 /* agent_tracker.rb in Resources */ = {isa = PBXBuildFile; fileRef = 6C34FCF70F05AB9700F3A3A8 /* agent_tracker.rb */; };
		6C34FCFB0F05AB9700F3A3A8 /* listener.rb in Resources */ = {isa = PBXBuildFile; fileRef = 6C34FCF80F05AB9700F3A3A8 /* listener.rb */; };
		6C34FD480F05EC2C00F3A3A8 /* ProfilingSession.xib in Resources */ = {isa = PBXBuildFile; fileRef = 6C34FD470F05EC2C00F3A3A8 /* ProfilingSession.xib */; };
		6C34FD730F05F5AB00F3A3A8 /* MainMenu.xib in Resources */ = {isa = PBXBuildFile; fileRef = 6C34FD710F05F5AB00F3A3A8 /* MainMenu.xib */; };
		6C34FD870F0B160700F3A3A8 /* base_sample.rb in Resources */ = {isa = PBXBuildFile; fileRef = 6C34FD810F0B160700F3A3A8 /* base_sample.rb */; };
		6C34FD880F0B160700F3A3A8 /* cpu_sample.rb in Resources */ = {isa = PBXBuildFile; fileRef = 6C34FD820F0B160700F3A3A8 /* cpu_sample.rb */; };
		6C34FD890F0B160700F3A3A8 /* delete_object_sample.rb in Resources */ = {isa = PBXBuildFile; fileRef = 6C34FD830F0B160700F3A3A8 /* delete_object_sample.rb */; };
		6C34FD8A0F0B160700F3A3A8 /* new_object_sample.rb in Resources */ = {isa = PBXBuildFile; fileRef = 6C34FD840F0B160700F3A3A8 /* new_object_sample.rb */; };
		6C34FD8B0F0B160700F3A3A8 /* sample_parser.rb in Resources */ = {isa = PBXBuildFile; fileRef = 6C34FD850F0B160700F3A3A8 /* sample_parser.rb */; };
		6C34FD8C0F0B160700F3A3A8 /* stack_frame.rb in Resources */ = {isa = PBXBuildFile; fileRef = 6C34FD860F0B160700F3A3A8 /* stack_frame.rb */; };
		6C34FD9E0F0C881400F3A3A8 /* call_tree.rb in Resources */ = {isa = PBXBuildFile; fileRef = 6C34FD9D0F0C881400F3A3A8 /* call_tree.rb */; };
		6C34FDAC0F0E92A800F3A3A8 /* graph_view.rb in Resources */ = {isa = PBXBuildFile; fileRef = 6C34FDAB0F0E92A800F3A3A8 /* graph_view.rb */; };
		6C5D7FA40F15BFB40041FF31 /* FPProfilingSessionController.m in Sources */ = {isa = PBXBuildFile; fileRef = 6C5D7FA30F15BFB40041FF31 /* FPProfilingSessionController.m */; };
		6C5D7FAE0F15C0D60041FF31 /* FPSampleSet.m in Sources */ = {isa = PBXBuildFile; fileRef = 6C5D7FAD0F15C0D60041FF31 /* FPSampleSet.m */; };
		6C5D7FB40F15C4300041FF31 /* FPMemoryUsage.m in Sources */ = {isa = PBXBuildFile; fileRef = 6C5D7FB30F15C4300041FF31 /* FPMemoryUsage.m */; };
		6C5D7FBA0F15C7800041FF31 /* FPProfilingSession.m in Sources */ = {isa = PBXBuildFile; fileRef = 6C5D7FB90F15C7800041FF31 /* FPProfilingSession.m */; };
		6CD1CA6F0F14661400912223 /* Credits.rtf in Resources */ = {isa = PBXBuildFile; fileRef = 6CD1CA6D0F14661400912223 /* Credits.rtf */; };
		8D11072B0486CEB800E47090 /* InfoPlist.strings in Resources */ = {isa = PBXBuildFile; fileRef = 089C165CFE840E0CC02AAC07 /* InfoPlist.strings */; };
		8D11072D0486CEB800E47090 /* main.m in Sources */ = {isa = PBXBuildFile; fileRef = 29B97316FDCFA39411CA2CEA /* main.m */; settings = {ATTRIBUTES = (); }; };
		8D11072F0486CEB800E47090 /* Cocoa.framework in Frameworks */ = {isa = PBXBuildFile; fileRef = 1058C7A1FEA54F0111CA2CBB /* Cocoa.framework */; };
/* End PBXBuildFile section */

/* Begin PBXCopyFilesBuildPhase section */
		6CBFC2A00F11CDE5005FE40C /* CopyFiles */ = {
			isa = PBXCopyFilesBuildPhase;
			buildActionMask = 2147483647;
			dstPath = "";
			dstSubfolderSpec = 10;
			files = (
			);
			runOnlyForDeploymentPostprocessing = 0;
		};
/* End PBXCopyFilesBuildPhase section */

/* Begin PBXFileReference section */
		089C165DFE840E0CC02AAC07 /* English */ = {isa = PBXFileReference; fileEncoding = 10; lastKnownFileType = text.plist.strings; name = English; path = English.lproj/InfoPlist.strings; sourceTree = "<group>"; };
		1058C7A1FEA54F0111CA2CBB /* Cocoa.framework */ = {isa = PBXFileReference; lastKnownFileType = wrapper.framework; name = Cocoa.framework; path = /System/Library/Frameworks/Cocoa.framework; sourceTree = "<absolute>"; };
		13E42FB307B3F0F600E4EEF1 /* CoreData.framework */ = {isa = PBXFileReference; lastKnownFileType = wrapper.framework; name = CoreData.framework; path = /System/Library/Frameworks/CoreData.framework; sourceTree = "<absolute>"; };
		29B97316FDCFA39411CA2CEA /* main.m */ = {isa = PBXFileReference; fileEncoding = 4; lastKnownFileType = sourcecode.c.objc; path = main.m; sourceTree = "<group>"; };
		29B97324FDCFA39411CA2CEA /* AppKit.framework */ = {isa = PBXFileReference; lastKnownFileType = wrapper.framework; name = AppKit.framework; path = /System/Library/Frameworks/AppKit.framework; sourceTree = "<absolute>"; };
		29B97325FDCFA39411CA2CEA /* Foundation.framework */ = {isa = PBXFileReference; lastKnownFileType = wrapper.framework; name = Foundation.framework; path = /System/Library/Frameworks/Foundation.framework; sourceTree = "<absolute>"; };
		6C13A4FC0F17199C00715A7C /* FPAgent.h */ = {isa = PBXFileReference; fileEncoding = 4; lastKnownFileType = sourcecode.c.h; path = FPAgent.h; sourceTree = "<group>"; };
		6C13A4FD0F17199C00715A7C /* FPAgent.m */ = {isa = PBXFileReference; fileEncoding = 4; lastKnownFileType = sourcecode.c.objc; path = FPAgent.m; sourceTree = "<group>"; };
		6C13A5480F17212000715A7C /* FPCallTree.h */ = {isa = PBXFileReference; fileEncoding = 4; lastKnownFileType = sourcecode.c.h; path = FPCallTree.h; sourceTree = "<group>"; };
		6C13A5490F17212000715A7C /* FPCallTree.m */ = {isa = PBXFileReference; fileEncoding = 4; lastKnownFileType = sourcecode.c.objc; path = FPCallTree.m; sourceTree = "<group>"; };
		6C1E94D20F131E0A0096D51B /* io_thread.rb */ = {isa = PBXFileReference; fileEncoding = 4; lastKnownFileType = text.script.ruby; path = io_thread.rb; sourceTree = "<group>"; };
		6C27F2040F1467E500B29D55 /* FPAgentController.h */ = {isa = PBXFileReference; fileEncoding = 4; lastKnownFileType = sourcecode.c.h; path = FPAgentController.h; sourceTree = "<group>"; };
		6C27F2050F1467E500B29D55 /* FPAgentController.m */ = {isa = PBXFileReference; fileEncoding = 4; lastKnownFileType = sourcecode.c.objc; path = FPAgentController.m; sourceTree = "<group>"; };
		6C34FCF70F05AB9700F3A3A8 /* agent_tracker.rb */ = {isa = PBXFileReference; fileEncoding = 4; lastKnownFileType = text.script.ruby; path = agent_tracker.rb; sourceTree = "<group>"; };
		6C34FCF80F05AB9700F3A3A8 /* listener.rb */ = {isa = PBXFileReference; fileEncoding = 4; lastKnownFileType = text.script.ruby; path = listener.rb; sourceTree = "<group>"; };
		6C34FD470F05EC2C00F3A3A8 /* ProfilingSession.xib */ = {isa = PBXFileReference; lastKnownFileType = file.xib; path = ProfilingSession.xib; sourceTree = "<group>"; };
		6C34FD720F05F5AB00F3A3A8 /* English */ = {isa = PBXFileReference; lastKnownFileType = file.xib; name = English; path = English.lproj/MainMenu.xib; sourceTree = "<group>"; };
		6C34FD810F0B160700F3A3A8 /* base_sample.rb */ = {isa = PBXFileReference; fileEncoding = 4; lastKnownFileType = text.script.ruby; path = base_sample.rb; sourceTree = "<group>"; };
		6C34FD820F0B160700F3A3A8 /* cpu_sample.rb */ = {isa = PBXFileReference; fileEncoding = 4; lastKnownFileType = text.script.ruby; path = cpu_sample.rb; sourceTree = "<group>"; };
		6C34FD830F0B160700F3A3A8 /* delete_object_sample.rb */ = {isa = PBXFileReference; fileEncoding = 4; lastKnownFileType = text.script.ruby; path = delete_object_sample.rb; sourceTree = "<group>"; };
		6C34FD840F0B160700F3A3A8 /* new_object_sample.rb */ = {isa = PBXFileReference; fileEncoding = 4; lastKnownFileType = text.script.ruby; path = new_object_sample.rb; sourceTree = "<group>"; };
		6C34FD850F0B160700F3A3A8 /* sample_parser.rb */ = {isa = PBXFileReference; fileEncoding = 4; lastKnownFileType = text.script.ruby; path = sample_parser.rb; sourceTree = "<group>"; };
		6C34FD860F0B160700F3A3A8 /* stack_frame.rb */ = {isa = PBXFileReference; fileEncoding = 4; lastKnownFileType = text.script.ruby; path = stack_frame.rb; sourceTree = "<group>"; };
		6C34FD9D0F0C881400F3A3A8 /* call_tree.rb */ = {isa = PBXFileReference; fileEncoding = 4; lastKnownFileType = text.script.ruby; path = call_tree.rb; sourceTree = "<group>"; };
		6C34FDAB0F0E92A800F3A3A8 /* graph_view.rb */ = {isa = PBXFileReference; fileEncoding = 4; lastKnownFileType = text.script.ruby; path = graph_view.rb; sourceTree = "<group>"; };
		6C5D7FA20F15BFB40041FF31 /* FPProfilingSessionController.h */ = {isa = PBXFileReference; fileEncoding = 4; lastKnownFileType = sourcecode.c.h; path = FPProfilingSessionController.h; sourceTree = "<group>"; };
		6C5D7FA30F15BFB40041FF31 /* FPProfilingSessionController.m */ = {isa = PBXFileReference; fileEncoding = 4; lastKnownFileType = sourcecode.c.objc; path = FPProfilingSessionController.m; sourceTree = "<group>"; };
		6C5D7FAC0F15C0D60041FF31 /* FPSampleSet.h */ = {isa = PBXFileReference; fileEncoding = 4; lastKnownFileType = sourcecode.c.h; path = FPSampleSet.h; sourceTree = "<group>"; };
		6C5D7FAD0F15C0D60041FF31 /* FPSampleSet.m */ = {isa = PBXFileReference; fileEncoding = 4; lastKnownFileType = sourcecode.c.objc; path = FPSampleSet.m; sourceTree = "<group>"; };
		6C5D7FB20F15C4300041FF31 /* FPMemoryUsage.h */ = {isa = PBXFileReference; fileEncoding = 4; lastKnownFileType = sourcecode.c.h; path = FPMemoryUsage.h; sourceTree = "<group>"; };
		6C5D7FB30F15C4300041FF31 /* FPMemoryUsage.m */ = {isa = PBXFileReference; fileEncoding = 4; lastKnownFileType = sourcecode.c.objc; path = FPMemoryUsage.m; sourceTree = "<group>"; };
		6C5D7FB80F15C7800041FF31 /* FPProfilingSession.h */ = {isa = PBXFileReference; fileEncoding = 4; lastKnownFileType = sourcecode.c.h; path = FPProfilingSession.h; sourceTree = "<group>"; };
		6C5D7FB90F15C7800041FF31 /* FPProfilingSession.m */ = {isa = PBXFileReference; fileEncoding = 4; lastKnownFileType = sourcecode.c.objc; path = FPProfilingSession.m; sourceTree = "<group>"; };
		6CBFC0E70F11BB54005FE40C /* AsyncSocket.h */ = {isa = PBXFileReference; fileEncoding = 4; lastKnownFileType = sourcecode.c.h; path = AsyncSocket.h; sourceTree = "<group>"; };
		6CBFC0E80F11BB54005FE40C /* AsyncSocket.m */ = {isa = PBXFileReference; fileEncoding = 4; lastKnownFileType = sourcecode.c.objc; path = AsyncSocket.m; sourceTree = "<group>"; };
		6CBFC0F50F11BC23005FE40C /* CoreServices.framework */ = {isa = PBXFileReference; lastKnownFileType = wrapper.framework; name = CoreServices.framework; path = /System/Library/Frameworks/CoreServices.framework; sourceTree = "<absolute>"; };
		6CD1CA6C0F14660200912223 /* FlashProfilerApp_Prefix.pch */ = {isa = PBXFileReference; fileEncoding = 4; lastKnownFileType = sourcecode.c.h; path = FlashProfilerApp_Prefix.pch; sourceTree = "<group>"; };
		6CD1CA6E0F14661400912223 /* English */ = {isa = PBXFileReference; lastKnownFileType = text.rtf; name = English; path = English.lproj/Credits.rtf; sourceTree = "<group>"; };
		8D1107310486CEB800E47090 /* Info.plist */ = {isa = PBXFileReference; fileEncoding = 4; lastKnownFileType = text.plist.xml; path = Info.plist; sourceTree = "<group>"; };
		8D1107320486CEB800E47090 /* FlashProfilerApp.app */ = {isa = PBXFileReference; explicitFileType = wrapper.application; includeInIndex = 0; path = FlashProfilerApp.app; sourceTree = BUILT_PRODUCTS_DIR; };
/* End PBXFileReference section */

/* Begin PBXFrameworksBuildPhase section */
		8D11072E0486CEB800E47090 /* Frameworks */ = {
			isa = PBXFrameworksBuildPhase;
			buildActionMask = 2147483647;
			files = (
				8D11072F0486CEB800E47090 /* Cocoa.framework in Frameworks */,
			);
			runOnlyForDeploymentPostprocessing = 0;
		};
/* End PBXFrameworksBuildPhase section */

/* Begin PBXGroup section */
		080E96DDFE201D6D7F000001 /* Classes */ = {
			isa = PBXGroup;
			children = (
				6C1E94D20F131E0A0096D51B /* io_thread.rb */,
				6CBFC0E70F11BB54005FE40C /* AsyncSocket.h */,
				6CBFC0E80F11BB54005FE40C /* AsyncSocket.m */,
				6C34FDAB0F0E92A800F3A3A8 /* graph_view.rb */,
				6C13A5480F17212000715A7C /* FPCallTree.h */,
				6C13A5490F17212000715A7C /* FPCallTree.m */,
				6C34FD9D0F0C881400F3A3A8 /* call_tree.rb */,
				6C34FD810F0B160700F3A3A8 /* base_sample.rb */,
				6C34FD820F0B160700F3A3A8 /* cpu_sample.rb */,
				6C34FD830F0B160700F3A3A8 /* delete_object_sample.rb */,
				6C34FD840F0B160700F3A3A8 /* new_object_sample.rb */,
				6C34FD850F0B160700F3A3A8 /* sample_parser.rb */,
				6C34FD860F0B160700F3A3A8 /* stack_frame.rb */,
				6C5D7FAC0F15C0D60041FF31 /* FPSampleSet.h */,
				6C5D7FAD0F15C0D60041FF31 /* FPSampleSet.m */,
				6C13A4FC0F17199C00715A7C /* FPAgent.h */,
				6C13A4FD0F17199C00715A7C /* FPAgent.m */,
			);
			name = Classes;
			sourceTree = "<group>";
		};
		1058C7A0FEA54F0111CA2CBB /* Linked Frameworks */ = {
			isa = PBXGroup;
			children = (
				6CBFC0F50F11BC23005FE40C /* CoreServices.framework */,
				1058C7A1FEA54F0111CA2CBB /* Cocoa.framework */,
			);
			name = "Linked Frameworks";
			sourceTree = "<group>";
		};
		1058C7A2FEA54F0111CA2CBB /* Other Frameworks */ = {
			isa = PBXGroup;
			children = (
				29B97324FDCFA39411CA2CEA /* AppKit.framework */,
				13E42FB307B3F0F600E4EEF1 /* CoreData.framework */,
				29B97325FDCFA39411CA2CEA /* Foundation.framework */,
			);
			name = "Other Frameworks";
			sourceTree = "<group>";
		};
		19C28FACFE9D520D11CA2CBB /* Products */ = {
			isa = PBXGroup;
			children = (
				8D1107320486CEB800E47090 /* FlashProfilerApp.app */,
			);
			name = Products;
			sourceTree = "<group>";
		};
		29B97314FDCFA39411CA2CEA /* FlashProfilerApp */ = {
			isa = PBXGroup;
			children = (
				6C34FD390F05EBAD00F3A3A8 /* Profiling Session */,
				6C34FD140F05E62000F3A3A8 /* Agent Management */,
				080E96DDFE201D6D7F000001 /* Classes */,
				29B97315FDCFA39411CA2CEA /* Other Sources */,
				29B97317FDCFA39411CA2CEA /* Resources */,
				29B97323FDCFA39411CA2CEA /* Frameworks */,
				19C28FACFE9D520D11CA2CBB /* Products */,
			);
			name = FlashProfilerApp;
			sourceTree = "<group>";
		};
		29B97315FDCFA39411CA2CEA /* Other Sources */ = {
			isa = PBXGroup;
			children = (
				6CD1CA6C0F14660200912223 /* FlashProfilerApp_Prefix.pch */,
				29B97316FDCFA39411CA2CEA /* main.m */,
			);
			name = "Other Sources";
			sourceTree = "<group>";
		};
		29B97317FDCFA39411CA2CEA /* Resources */ = {
			isa = PBXGroup;
			children = (
				6C34FD470F05EC2C00F3A3A8 /* ProfilingSession.xib */,
				6CD1CA6D0F14661400912223 /* Credits.rtf */,
				6C34FD710F05F5AB00F3A3A8 /* MainMenu.xib */,
				8D1107310486CEB800E47090 /* Info.plist */,
				089C165CFE840E0CC02AAC07 /* InfoPlist.strings */,
			);
			name = Resources;
			sourceTree = "<group>";
		};
		29B97323FDCFA39411CA2CEA /* Frameworks */ = {
			isa = PBXGroup;
			children = (
				1058C7A0FEA54F0111CA2CBB /* Linked Frameworks */,
				1058C7A2FEA54F0111CA2CBB /* Other Frameworks */,
			);
			name = Frameworks;
			sourceTree = "<group>";
		};
		6C34FD140F05E62000F3A3A8 /* Agent Management */ = {
			isa = PBXGroup;
			children = (
				6C34FCF70F05AB9700F3A3A8 /* agent_tracker.rb */,
				6C34FCF80F05AB9700F3A3A8 /* listener.rb */,
				6C27F2040F1467E500B29D55 /* FPAgentController.h */,
				6C27F2050F1467E500B29D55 /* FPAgentController.m */,
				6C5D7FB20F15C4300041FF31 /* FPMemoryUsage.h */,
				6C5D7FB30F15C4300041FF31 /* FPMemoryUsage.m */,
			);
			name = "Agent Management";
			sourceTree = "<group>";
		};
		6C34FD390F05EBAD00F3A3A8 /* Profiling Session */ = {
			isa = PBXGroup;
			children = (
				6C5D7FA20F15BFB40041FF31 /* FPProfilingSessionController.h */,
				6C5D7FA30F15BFB40041FF31 /* FPProfilingSessionController.m */,
				6C5D7FB80F15C7800041FF31 /* FPProfilingSession.h */,
				6C5D7FB90F15C7800041FF31 /* FPProfilingSession.m */,
			);
			name = "Profiling Session";
			sourceTree = "<group>";
		};
/* End PBXGroup section */

/* Begin PBXNativeTarget section */
		8D1107260486CEB800E47090 /* FlashProfilerApp */ = {
			isa = PBXNativeTarget;
			buildConfigurationList = C01FCF4A08A954540054247B /* Build configuration list for PBXNativeTarget "FlashProfilerApp" */;
			buildPhases = (
				8D1107290486CEB800E47090 /* Resources */,
				8D11072C0486CEB800E47090 /* Sources */,
				8D11072E0486CEB800E47090 /* Frameworks */,
				6CBFC2A00F11CDE5005FE40C /* CopyFiles */,
			);
			buildRules = (
			);
			dependencies = (
			);
			name = FlashProfilerApp;
			productInstallPath = "$(HOME)/Applications";
			productName = FlashProfilerApp;
			productReference = 8D1107320486CEB800E47090 /* FlashProfilerApp.app */;
			productType = "com.apple.product-type.application";
		};
/* End PBXNativeTarget section */

/* Begin PBXProject section */
		29B97313FDCFA39411CA2CEA /* Project object */ = {
			isa = PBXProject;
			buildConfigurationList = C01FCF4E08A954540054247B /* Build configuration list for PBXProject "FlashProfilerApp" */;
			compatibilityVersion = "Xcode 3.1";
			hasScannedForEncodings = 1;
			mainGroup = 29B97314FDCFA39411CA2CEA /* FlashProfilerApp */;
			projectDirPath = "";
			projectRoot = "";
			targets = (
				8D1107260486CEB800E47090 /* FlashProfilerApp */,
			);
		};
/* End PBXProject section */

/* Begin PBXResourcesBuildPhase section */
		8D1107290486CEB800E47090 /* Resources */ = {
			isa = PBXResourcesBuildPhase;
			buildActionMask = 2147483647;
			files = (
				8D11072B0486CEB800E47090 /* InfoPlist.strings in Resources */,
				6C34FCFA0F05AB9700F3A3A8 /* agent_tracker.rb in Resources */,
				6C34FCFB0F05AB9700F3A3A8 /* listener.rb in Resources */,
				6C34FD480F05EC2C00F3A3A8 /* ProfilingSession.xib in Resources */,
				6C34FD730F05F5AB00F3A3A8 /* MainMenu.xib in Resources */,
				6C34FD870F0B160700F3A3A8 /* base_sample.rb in Resources */,
				6C34FD880F0B160700F3A3A8 /* cpu_sample.rb in Resources */,
				6C34FD890F0B160700F3A3A8 /* delete_object_sample.rb in Resources */,
				6C34FD8A0F0B160700F3A3A8 /* new_object_sample.rb in Resources */,
				6C34FD8B0F0B160700F3A3A8 /* sample_parser.rb in Resources */,
				6C34FD8C0F0B160700F3A3A8 /* stack_frame.rb in Resources */,
				6C34FD9E0F0C881400F3A3A8 /* call_tree.rb in Resources */,
				6C34FDAC0F0E92A800F3A3A8 /* graph_view.rb in Resources */,
				6C1E94D30F131E0A0096D51B /* io_thread.rb in Resources */,
				6CD1CA6F0F14661400912223 /* Credits.rtf in Resources */,
			);
			runOnlyForDeploymentPostprocessing = 0;
		};
/* End PBXResourcesBuildPhase section */

/* Begin PBXSourcesBuildPhase section */
		8D11072C0486CEB800E47090 /* Sources */ = {
			isa = PBXSourcesBuildPhase;
			buildActionMask = 2147483647;
			files = (
				8D11072D0486CEB800E47090 /* main.m in Sources */,
				6C27F2060F1467E500B29D55 /* FPAgentController.m in Sources */,
				6C5D7FA40F15BFB40041FF31 /* FPProfilingSessionController.m in Sources */,
				6C5D7FAE0F15C0D60041FF31 /* FPSampleSet.m in Sources */,
				6C5D7FB40F15C4300041FF31 /* FPMemoryUsage.m in Sources */,
				6C5D7FBA0F15C7800041FF31 /* FPProfilingSession.m in Sources */,
				6C13A4FE0F17199C00715A7C /* FPAgent.m in Sources */,
				6C13A54A0F17212000715A7C /* FPCallTree.m in Sources */,
			);
			runOnlyForDeploymentPostprocessing = 0;
		};
/* End PBXSourcesBuildPhase section */

/* Begin PBXVariantGroup section */
		089C165CFE840E0CC02AAC07 /* InfoPlist.strings */ = {
			isa = PBXVariantGroup;
			children = (
				089C165DFE840E0CC02AAC07 /* English */,
			);
			name = InfoPlist.strings;
			sourceTree = "<group>";
		};
		6C34FD710F05F5AB00F3A3A8 /* MainMenu.xib */ = {
			isa = PBXVariantGroup;
			children = (
				6C34FD720F05F5AB00F3A3A8 /* English */,
			);
			name = MainMenu.xib;
			sourceTree = "<group>";
		};
		6CD1CA6D0F14661400912223 /* Credits.rtf */ = {
			isa = PBXVariantGroup;
			children = (
				6CD1CA6E0F14661400912223 /* English */,
			);
			name = Credits.rtf;
			sourceTree = "<group>";
		};
/* End PBXVariantGroup section */

/* Begin XCBuildConfiguration section */
		C01FCF4B08A954540054247B /* Debug */ = {
			isa = XCBuildConfiguration;
			buildSettings = {
				ARCHS = "$(ARCHS_STANDARD_32_BIT)";
				COPY_PHASE_STRIP = NO;
				GCC_DYNAMIC_NO_PIC = NO;
				GCC_ENABLE_FIX_AND_CONTINUE = YES;
				GCC_MODEL_TUNING = G5;
				GCC_OPTIMIZATION_LEVEL = 0;
				GCC_PRECOMPILE_PREFIX_HEADER = YES;
				GCC_PREFIX_HEADER = FlashProfilerApp_Prefix.pch;
				INFOPLIST_FILE = Info.plist;
				INSTALL_PATH = "$(HOME)/Applications";
				PRODUCT_NAME = FlashProfilerApp;
				WRAPPER_EXTENSION = app;
				ZERO_LINK = YES;
			};
			name = Debug;
		};
		C01FCF4C08A954540054247B /* Release */ = {
			isa = XCBuildConfiguration;
			buildSettings = {
				DEBUG_INFORMATION_FORMAT = "dwarf-with-dsym";
				GCC_MODEL_TUNING = G5;
				GCC_PRECOMPILE_PREFIX_HEADER = YES;
				INFOPLIST_FILE = Info.plist;
				INSTALL_PATH = "$(HOME)/Applications";
				PRODUCT_NAME = FlashProfilerApp;
				WRAPPER_EXTENSION = app;
			};
			name = Release;
		};
		C01FCF4F08A954540054247B /* Debug */ = {
			isa = XCBuildConfiguration;
			buildSettings = {
				GCC_ENABLE_OBJC_GC = required;
				GCC_WARN_ABOUT_RETURN_TYPE = YES;
				GCC_WARN_UNUSED_VARIABLE = YES;
				PREBINDING = NO;
				SDKROOT = macosx10.5;
			};
			name = Debug;
		};
		C01FCF5008A954540054247B /* Release */ = {
			isa = XCBuildConfiguration;
			buildSettings = {
				GCC_ENABLE_OBJC_GC = required;
				GCC_WARN_ABOUT_RETURN_TYPE = YES;
				GCC_WARN_UNUSED_VARIABLE = YES;
				PREBINDING = NO;
				SDKROOT = macosx10.5;
			};
			name = Release;
		};
/* End XCBuildConfiguration section */

/* Begin XCConfigurationList section */
		C01FCF4A08A954540054247B /* Build configuration list for PBXNativeTarget "FlashProfilerApp" */ = {
			isa = XCConfigurationList;
			buildConfigurations = (
				C01FCF4B08A954540054247B /* Debug */,
				C01FCF4C08A954540054247B /* Release */,
			);
			defaultConfigurationIsVisible = 0;
			defaultConfigurationName = Release;
		};
		C01FCF4E08A954540054247B /* Build configuration list for PBXProject "FlashProfilerApp" */ = {
			isa = XCConfigurationList;
			buildConfigurations = (
				C01FCF4F08A954540054247B /* Debug */,
				C01FCF5008A954540054247B /* Release */,
			);
			defaultConfigurationIsVisible = 0;
			defaultConfigurationName = Release;
		};
/* End XCConfigurationList section */
	};
	rootObject = 29B97313FDCFA39411CA2CEA /* Project object */;
}
